
Microsoft Visual Studio Solution File, Format Version 12.00
# Visual Studio Version 16
VisualStudioVersion = 16.0.30114.105
MinimumVisualStudioVersion = 10.0.40219.1
Project("{FAE04EC0-301F-11D3-BF4B-00C04F79EFBC}") = "WebServiceConsumer", "WebServiceConsumer\WebServiceConsumer.csproj", "{CF8D78E4-B8E4-4F67-9A3E-47539C034263}"
EndProject
Global
	GlobalSection(SolutionConfigurationPlatforms) = preSolution
		Debug|Any CPU = Debug|Any CPU
		Release|Any CPU = Release|Any CPU
	EndGlobalSection
	GlobalSection(ProjectConfigurationPlatforms) = postSolution
		{CF8D78E4-B8E4-4F67-9A3E-47539C034263}.Debug|Any CPU.ActiveCfg = Debug|Any CPU
		{CF8D78E4-B8E4-4F67-9A3E-47539C034263}.Debug|Any CPU.Build.0 = Debug|Any CPU
		{CF8D78E4-B8E4-4F67-9A3E-47539C034263}.Release|Any CPU.ActiveCfg = Release|Any CPU
		{CF8D78E4-B8E4-4F67-9A3E-47539C034263}.Release|Any CPU.Build.0 = Release|Any CPU
	EndGlobalSection
	GlobalSection(SolutionProperties) = preSolution
		HideSolutionNode = FALSE
	EndGlobalSection
	GlobalSection(ExtensibilityGlobals) = postSolution
		SolutionGuid = {948D0713-280D-4478-BD24-7A87DDD338AC}
	EndGlobalSection
EndGlobal
